
Microsoft Visual Studio Solution File, Format Version 12.00
# Visual Studio Version 16
VisualStudioVersion = 16.0.32802.440
MinimumVisualStudioVersion = 10.0.40219.1
Project("{FAE04EC0-301F-11D3-BF4B-00C04F79EFBC}") = "Homework2023.3rd", "Homework2023.3rd\Homework2023.3rd.csproj", "{95451F58-D2CA-4704-974E-6E4D464AF59C}"
EndProject
Global
	GlobalSection(SolutionConfigurationPlatforms) = preSolution
		Debug|Any CPU = Debug|Any CPU
		Release|Any CPU = Release|Any CPU
	EndGlobalSection
	GlobalSection(ProjectConfigurationPlatforms) = postSolution
		{95451F58-D2CA-4704-974E-6E4D464AF59C}.Debug|Any CPU.ActiveCfg = Debug|Any CPU
		{95451F58-D2CA-4704-974E-6E4D464AF59C}.Debug|Any CPU.Build.0 = Debug|Any CPU
		{95451F58-D2CA-4704-974E-6E4D464AF59C}.Release|Any CPU.ActiveCfg = Release|Any CPU
		{95451F58-D2CA-4704-974E-6E4D464AF59C}.Release|Any CPU.Build.0 = Release|Any CPU
	EndGlobalSection
	GlobalSection(SolutionProperties) = preSolution
		HideSolutionNode = FALSE
	EndGlobalSection
	GlobalSection(ExtensibilityGlobals) = postSolution
		SolutionGuid = {21CD290E-D2B4-46D7-A61C-2E2EFC902459}
	EndGlobalSection
EndGlobal
