
Microsoft Visual Studio Solution File, Format Version 12.00
# Visual Studio Version 16
VisualStudioVersion = 16.0.31729.503
MinimumVisualStudioVersion = 10.0.40219.1
Project("{FAE04EC0-301F-11D3-BF4B-00C04F79EFBC}") = "3week", "3week\3week.csproj", "{7EFFB05D-53A8-443D-B353-BFFC4D1E5FDB}"
EndProject
Global
	GlobalSection(SolutionConfigurationPlatforms) = preSolution
		Debug|Any CPU = Debug|Any CPU
		Release|Any CPU = Release|Any CPU
	EndGlobalSection
	GlobalSection(ProjectConfigurationPlatforms) = postSolution
		{7EFFB05D-53A8-443D-B353-BFFC4D1E5FDB}.Debug|Any CPU.ActiveCfg = Debug|Any CPU
		{7EFFB05D-53A8-443D-B353-BFFC4D1E5FDB}.Debug|Any CPU.Build.0 = Debug|Any CPU
		{7EFFB05D-53A8-443D-B353-BFFC4D1E5FDB}.Release|Any CPU.ActiveCfg = Release|Any CPU
		{7EFFB05D-53A8-443D-B353-BFFC4D1E5FDB}.Release|Any CPU.Build.0 = Release|Any CPU
	EndGlobalSection
	GlobalSection(SolutionProperties) = preSolution
		HideSolutionNode = FALSE
	EndGlobalSection
	GlobalSection(ExtensibilityGlobals) = postSolution
		SolutionGuid = {2E40174B-4906-4EBE-8652-7BD87D96E6FC}
	EndGlobalSection
EndGlobal
