
Microsoft Visual Studio Solution File, Format Version 12.00
# Visual Studio Version 16
VisualStudioVersion = 16.0.31729.503
MinimumVisualStudioVersion = 10.0.40219.1
Project("{FAE04EC0-301F-11D3-BF4B-00C04F79EFBC}") = "CSclass", "CSclass\CSclass.csproj", "{73EA3AF5-0CB6-402F-BE27-CB70ADCB667F}"
EndProject
Global
	GlobalSection(SolutionConfigurationPlatforms) = preSolution
		Debug|Any CPU = Debug|Any CPU
		Release|Any CPU = Release|Any CPU
	EndGlobalSection
	GlobalSection(ProjectConfigurationPlatforms) = postSolution
		{73EA3AF5-0CB6-402F-BE27-CB70ADCB667F}.Debug|Any CPU.ActiveCfg = Debug|Any CPU
		{73EA3AF5-0CB6-402F-BE27-CB70ADCB667F}.Debug|Any CPU.Build.0 = Debug|Any CPU
		{73EA3AF5-0CB6-402F-BE27-CB70ADCB667F}.Release|Any CPU.ActiveCfg = Release|Any CPU
		{73EA3AF5-0CB6-402F-BE27-CB70ADCB667F}.Release|Any CPU.Build.0 = Release|Any CPU
	EndGlobalSection
	GlobalSection(SolutionProperties) = preSolution
		HideSolutionNode = FALSE
	EndGlobalSection
	GlobalSection(ExtensibilityGlobals) = postSolution
		SolutionGuid = {CB5ADF45-FE6E-4C73-8F89-6FD4E69FD48B}
	EndGlobalSection
EndGlobal
