
Microsoft Visual Studio Solution File, Format Version 12.00
# Visual Studio Version 16
VisualStudioVersion = 16.0.32802.440
MinimumVisualStudioVersion = 10.0.40219.1
Project("{FAE04EC0-301F-11D3-BF4B-00C04F79EFBC}") = "Homework2023.1st", "Homework2023.1st\Homework2023.1st.csproj", "{076980D8-E11A-4C13-B09D-DA0B27BA1A69}"
EndProject
Global
	GlobalSection(SolutionConfigurationPlatforms) = preSolution
		Debug|Any CPU = Debug|Any CPU
		Release|Any CPU = Release|Any CPU
	EndGlobalSection
	GlobalSection(ProjectConfigurationPlatforms) = postSolution
		{076980D8-E11A-4C13-B09D-DA0B27BA1A69}.Debug|Any CPU.ActiveCfg = Debug|Any CPU
		{076980D8-E11A-4C13-B09D-DA0B27BA1A69}.Debug|Any CPU.Build.0 = Debug|Any CPU
		{076980D8-E11A-4C13-B09D-DA0B27BA1A69}.Release|Any CPU.ActiveCfg = Release|Any CPU
		{076980D8-E11A-4C13-B09D-DA0B27BA1A69}.Release|Any CPU.Build.0 = Release|Any CPU
	EndGlobalSection
	GlobalSection(SolutionProperties) = preSolution
		HideSolutionNode = FALSE
	EndGlobalSection
	GlobalSection(ExtensibilityGlobals) = postSolution
		SolutionGuid = {69B606B9-DE55-4786-B7FE-B1E1D71E57CA}
	EndGlobalSection
EndGlobal
