
Microsoft Visual Studio Solution File, Format Version 12.00
# Visual Studio Version 16
VisualStudioVersion = 16.0.31729.503
MinimumVisualStudioVersion = 10.0.40219.1
Project("{FAE04EC0-301F-11D3-BF4B-00C04F79EFBC}") = "20230205class", "20230205class\20230205class.csproj", "{12808888-CA10-4429-9717-499BFE796F5D}"
EndProject
Global
	GlobalSection(SolutionConfigurationPlatforms) = preSolution
		Debug|Any CPU = Debug|Any CPU
		Release|Any CPU = Release|Any CPU
	EndGlobalSection
	GlobalSection(ProjectConfigurationPlatforms) = postSolution
		{12808888-CA10-4429-9717-499BFE796F5D}.Debug|Any CPU.ActiveCfg = Debug|Any CPU
		{12808888-CA10-4429-9717-499BFE796F5D}.Debug|Any CPU.Build.0 = Debug|Any CPU
		{12808888-CA10-4429-9717-499BFE796F5D}.Release|Any CPU.ActiveCfg = Release|Any CPU
		{12808888-CA10-4429-9717-499BFE796F5D}.Release|Any CPU.Build.0 = Release|Any CPU
	EndGlobalSection
	GlobalSection(SolutionProperties) = preSolution
		HideSolutionNode = FALSE
	EndGlobalSection
	GlobalSection(ExtensibilityGlobals) = postSolution
		SolutionGuid = {8967103D-5D71-4096-A5CD-806C106FF91D}
	EndGlobalSection
EndGlobal
