
Microsoft Visual Studio Solution File, Format Version 12.00
# Visual Studio Version 16
VisualStudioVersion = 16.0.32802.440
MinimumVisualStudioVersion = 10.0.40219.1
Project("{FAE04EC0-301F-11D3-BF4B-00C04F79EFBC}") = "3WeekHome", "3WeekHome\3WeekHome.csproj", "{ACAACDC5-060F-4BD0-8818-2E6DD71F40A3}"
EndProject
Project("{FAE04EC0-301F-11D3-BF4B-00C04F79EFBC}") = "3WeekHome2nd", "3WeekHome2nd\3WeekHome2nd.csproj", "{7B33A39E-EAD6-478D-8F90-D19CB9676CC2}"
EndProject
Global
	GlobalSection(SolutionConfigurationPlatforms) = preSolution
		Debug|Any CPU = Debug|Any CPU
		Release|Any CPU = Release|Any CPU
	EndGlobalSection
	GlobalSection(ProjectConfigurationPlatforms) = postSolution
		{ACAACDC5-060F-4BD0-8818-2E6DD71F40A3}.Debug|Any CPU.ActiveCfg = Debug|Any CPU
		{ACAACDC5-060F-4BD0-8818-2E6DD71F40A3}.Debug|Any CPU.Build.0 = Debug|Any CPU
		{ACAACDC5-060F-4BD0-8818-2E6DD71F40A3}.Release|Any CPU.ActiveCfg = Release|Any CPU
		{ACAACDC5-060F-4BD0-8818-2E6DD71F40A3}.Release|Any CPU.Build.0 = Release|Any CPU
		{7B33A39E-EAD6-478D-8F90-D19CB9676CC2}.Debug|Any CPU.ActiveCfg = Debug|Any CPU
		{7B33A39E-EAD6-478D-8F90-D19CB9676CC2}.Debug|Any CPU.Build.0 = Debug|Any CPU
		{7B33A39E-EAD6-478D-8F90-D19CB9676CC2}.Release|Any CPU.ActiveCfg = Release|Any CPU
		{7B33A39E-EAD6-478D-8F90-D19CB9676CC2}.Release|Any CPU.Build.0 = Release|Any CPU
	EndGlobalSection
	GlobalSection(SolutionProperties) = preSolution
		HideSolutionNode = FALSE
	EndGlobalSection
	GlobalSection(ExtensibilityGlobals) = postSolution
		SolutionGuid = {A1F355DE-4E8A-4218-A12F-EF84C0275A96}
	EndGlobalSection
EndGlobal
